
Microsoft Visual Studio Solution File, Format Version 12.00
# Visual Studio Version 16
VisualStudioVersion = 16.0.28705.295
MinimumVisualStudioVersion = 10.0.40219.1
Project("{FAE04EC0-301F-11D3-BF4B-00C04F79EFBC}") = "mobiBooking.Xamarin.Android", "mobiBooking.Xamarin\mobiBooking.Xamarin.Android\mobiBooking.Xamarin.Android.csproj", "{9B3DA40B-C6AB-4DAD-95DA-26C365BCA9AB}"
	ProjectSection(ProjectDependencies) = postProject
		{3B45ED3D-C227-4AC3-948E-A3FA2BBB37EA} = {3B45ED3D-C227-4AC3-948E-A3FA2BBB37EA}
	EndProjectSection
EndProject
Project("{FAE04EC0-301F-11D3-BF4B-00C04F79EFBC}") = "mobiBooking.Xamarin.iOS", "mobiBooking.Xamarin\mobiBooking.Xamarin.iOS\mobiBooking.Xamarin.iOS.csproj", "{F7F7087E-1088-43C3-9676-5C86BC26E353}"
	ProjectSection(ProjectDependencies) = postProject
		{3B45ED3D-C227-4AC3-948E-A3FA2BBB37EA} = {3B45ED3D-C227-4AC3-948E-A3FA2BBB37EA}
	EndProjectSection
EndProject
Project("{9A19103F-16F7-4668-BE54-9A1E7A4F7556}") = "mobiBooking.XamarinForms", "mobiBooking.Xamarin\mobiBooking.Xamarin\mobiBooking.XamarinForms.csproj", "{6A9BB312-4960-4AFD-89CD-2072062D7C64}"
EndProject
Project("{9A19103F-16F7-4668-BE54-9A1E7A4F7556}") = "mobiBooking.Core", "mobiBooking.Core\mobiBooking.Core.csproj", "{3B45ED3D-C227-4AC3-948E-A3FA2BBB37EA}"
EndProject
Project("{FAE04EC0-301F-11D3-BF4B-00C04F79EFBC}") = "mobiBooking.UWP", "mobiBooking.UWP\mobiBooking.UWP.csproj", "{8C08AAD2-DDF6-4C38-ABC2-DDAEA3EF667E}"
	ProjectSection(ProjectDependencies) = postProject
		{3B45ED3D-C227-4AC3-948E-A3FA2BBB37EA} = {3B45ED3D-C227-4AC3-948E-A3FA2BBB37EA}
	EndProjectSection
EndProject
Global
	GlobalSection(SolutionConfigurationPlatforms) = preSolution
		Debug|Any CPU = Debug|Any CPU
		Debug|ARM = Debug|ARM
		Debug|ARM64 = Debug|ARM64
		Debug|iPhone = Debug|iPhone
		Debug|iPhoneSimulator = Debug|iPhoneSimulator
		Debug|x64 = Debug|x64
		Debug|x86 = Debug|x86
		Release|Any CPU = Release|Any CPU
		Release|ARM = Release|ARM
		Release|ARM64 = Release|ARM64
		Release|iPhone = Release|iPhone
		Release|iPhoneSimulator = Release|iPhoneSimulator
		Release|x64 = Release|x64
		Release|x86 = Release|x86
	EndGlobalSection
	GlobalSection(ProjectConfigurationPlatforms) = postSolution
		{9B3DA40B-C6AB-4DAD-95DA-26C365BCA9AB}.Debug|Any CPU.ActiveCfg = Debug|Any CPU
		{9B3DA40B-C6AB-4DAD-95DA-26C365BCA9AB}.Debug|Any CPU.Build.0 = Debug|Any CPU
		{9B3DA40B-C6AB-4DAD-95DA-26C365BCA9AB}.Debug|Any CPU.Deploy.0 = Debug|Any CPU
		{9B3DA40B-C6AB-4DAD-95DA-26C365BCA9AB}.Debug|ARM.ActiveCfg = Debug|Any CPU
		{9B3DA40B-C6AB-4DAD-95DA-26C365BCA9AB}.Debug|ARM.Build.0 = Debug|Any CPU
		{9B3DA40B-C6AB-4DAD-95DA-26C365BCA9AB}.Debug|ARM.Deploy.0 = Debug|Any CPU
		{9B3DA40B-C6AB-4DAD-95DA-26C365BCA9AB}.Debug|ARM64.ActiveCfg = Debug|Any CPU
		{9B3DA40B-C6AB-4DAD-95DA-26C365BCA9AB}.Debug|ARM64.Build.0 = Debug|Any CPU
		{9B3DA40B-C6AB-4DAD-95DA-26C365BCA9AB}.Debug|ARM64.Deploy.0 = Debug|Any CPU
		{9B3DA40B-C6AB-4DAD-95DA-26C365BCA9AB}.Debug|iPhone.ActiveCfg = Debug|Any CPU
		{9B3DA40B-C6AB-4DAD-95DA-26C365BCA9AB}.Debug|iPhone.Build.0 = Debug|Any CPU
		{9B3DA40B-C6AB-4DAD-95DA-26C365BCA9AB}.Debug|iPhone.Deploy.0 = Debug|Any CPU
		{9B3DA40B-C6AB-4DAD-95DA-26C365BCA9AB}.Debug|iPhoneSimulator.ActiveCfg = Debug|Any CPU
		{9B3DA40B-C6AB-4DAD-95DA-26C365BCA9AB}.Debug|iPhoneSimulator.Build.0 = Debug|Any CPU
		{9B3DA40B-C6AB-4DAD-95DA-26C365BCA9AB}.Debug|iPhoneSimulator.Deploy.0 = Debug|Any CPU
		{9B3DA40B-C6AB-4DAD-95DA-26C365BCA9AB}.Debug|x64.ActiveCfg = Debug|Any CPU
		{9B3DA40B-C6AB-4DAD-95DA-26C365BCA9AB}.Debug|x64.Build.0 = Debug|Any CPU
		{9B3DA40B-C6AB-4DAD-95DA-26C365BCA9AB}.Debug|x64.Deploy.0 = Debug|Any CPU
		{9B3DA40B-C6AB-4DAD-95DA-26C365BCA9AB}.Debug|x86.ActiveCfg = Debug|Any CPU
		{9B3DA40B-C6AB-4DAD-95DA-26C365BCA9AB}.Debug|x86.Build.0 = Debug|Any CPU
		{9B3DA40B-C6AB-4DAD-95DA-26C365BCA9AB}.Debug|x86.Deploy.0 = Debug|Any CPU
		{9B3DA40B-C6AB-4DAD-95DA-26C365BCA9AB}.Release|Any CPU.ActiveCfg = Release|Any CPU
		{9B3DA40B-C6AB-4DAD-95DA-26C365BCA9AB}.Release|Any CPU.Build.0 = Release|Any CPU
		{9B3DA40B-C6AB-4DAD-95DA-26C365BCA9AB}.Release|Any CPU.Deploy.0 = Release|Any CPU
		{9B3DA40B-C6AB-4DAD-95DA-26C365BCA9AB}.Release|ARM.ActiveCfg = Release|Any CPU
		{9B3DA40B-C6AB-4DAD-95DA-26C365BCA9AB}.Release|ARM.Build.0 = Release|Any CPU
		{9B3DA40B-C6AB-4DAD-95DA-26C365BCA9AB}.Release|ARM.Deploy.0 = Release|Any CPU
		{9B3DA40B-C6AB-4DAD-95DA-26C365BCA9AB}.Release|ARM64.ActiveCfg = Release|Any CPU
		{9B3DA40B-C6AB-4DAD-95DA-26C365BCA9AB}.Release|ARM64.Build.0 = Release|Any CPU
		{9B3DA40B-C6AB-4DAD-95DA-26C365BCA9AB}.Release|ARM64.Deploy.0 = Release|Any CPU
		{9B3DA40B-C6AB-4DAD-95DA-26C365BCA9AB}.Release|iPhone.ActiveCfg = Release|Any CPU
		{9B3DA40B-C6AB-4DAD-95DA-26C365BCA9AB}.Release|iPhone.Build.0 = Release|Any CPU
		{9B3DA40B-C6AB-4DAD-95DA-26C365BCA9AB}.Release|iPhone.Deploy.0 = Release|Any CPU
		{9B3DA40B-C6AB-4DAD-95DA-26C365BCA9AB}.Release|iPhoneSimulator.ActiveCfg = Release|Any CPU
		{9B3DA40B-C6AB-4DAD-95DA-26C365BCA9AB}.Release|iPhoneSimulator.Build.0 = Release|Any CPU
		{9B3DA40B-C6AB-4DAD-95DA-26C365BCA9AB}.Release|iPhoneSimulator.Deploy.0 = Release|Any CPU
		{9B3DA40B-C6AB-4DAD-95DA-26C365BCA9AB}.Release|x64.ActiveCfg = Release|Any CPU
		{9B3DA40B-C6AB-4DAD-95DA-26C365BCA9AB}.Release|x64.Build.0 = Release|Any CPU
		{9B3DA40B-C6AB-4DAD-95DA-26C365BCA9AB}.Release|x64.Deploy.0 = Release|Any CPU
		{9B3DA40B-C6AB-4DAD-95DA-26C365BCA9AB}.Release|x86.ActiveCfg = Release|Any CPU
		{9B3DA40B-C6AB-4DAD-95DA-26C365BCA9AB}.Release|x86.Build.0 = Release|Any CPU
		{9B3DA40B-C6AB-4DAD-95DA-26C365BCA9AB}.Release|x86.Deploy.0 = Release|Any CPU
		{F7F7087E-1088-43C3-9676-5C86BC26E353}.Debug|Any CPU.ActiveCfg = Debug|iPhoneSimulator
		{F7F7087E-1088-43C3-9676-5C86BC26E353}.Debug|Any CPU.Build.0 = Debug|iPhoneSimulator
		{F7F7087E-1088-43C3-9676-5C86BC26E353}.Debug|Any CPU.Deploy.0 = Debug|iPhoneSimulator
		{F7F7087E-1088-43C3-9676-5C86BC26E353}.Debug|ARM.ActiveCfg = Debug|iPhone
		{F7F7087E-1088-43C3-9676-5C86BC26E353}.Debug|ARM64.ActiveCfg = Debug|iPhone
		{F7F7087E-1088-43C3-9676-5C86BC26E353}.Debug|iPhone.ActiveCfg = Debug|iPhone
		{F7F7087E-1088-43C3-9676-5C86BC26E353}.Debug|iPhone.Build.0 = Debug|iPhone
		{F7F7087E-1088-43C3-9676-5C86BC26E353}.Debug|iPhone.Deploy.0 = Debug|iPhone
		{F7F7087E-1088-43C3-9676-5C86BC26E353}.Debug|iPhoneSimulator.ActiveCfg = Debug|iPhoneSimulator
		{F7F7087E-1088-43C3-9676-5C86BC26E353}.Debug|iPhoneSimulator.Build.0 = Debug|iPhoneSimulator
		{F7F7087E-1088-43C3-9676-5C86BC26E353}.Debug|iPhoneSimulator.Deploy.0 = Debug|iPhoneSimulator
		{F7F7087E-1088-43C3-9676-5C86BC26E353}.Debug|x64.ActiveCfg = Debug|iPhone
		{F7F7087E-1088-43C3-9676-5C86BC26E353}.Debug|x86.ActiveCfg = Debug|iPhone
		{F7F7087E-1088-43C3-9676-5C86BC26E353}.Release|Any CPU.ActiveCfg = Release|iPhone
		{F7F7087E-1088-43C3-9676-5C86BC26E353}.Release|Any CPU.Build.0 = Release|iPhone
		{F7F7087E-1088-43C3-9676-5C86BC26E353}.Release|Any CPU.Deploy.0 = Release|iPhone
		{F7F7087E-1088-43C3-9676-5C86BC26E353}.Release|ARM.ActiveCfg = Release|iPhoneSimulator
		{F7F7087E-1088-43C3-9676-5C86BC26E353}.Release|ARM64.ActiveCfg = Release|iPhoneSimulator
		{F7F7087E-1088-43C3-9676-5C86BC26E353}.Release|iPhone.ActiveCfg = Release|iPhone
		{F7F7087E-1088-43C3-9676-5C86BC26E353}.Release|iPhone.Build.0 = Release|iPhone
		{F7F7087E-1088-43C3-9676-5C86BC26E353}.Release|iPhone.Deploy.0 = Release|iPhone
		{F7F7087E-1088-43C3-9676-5C86BC26E353}.Release|iPhoneSimulator.ActiveCfg = Release|iPhoneSimulator
		{F7F7087E-1088-43C3-9676-5C86BC26E353}.Release|iPhoneSimulator.Build.0 = Release|iPhoneSimulator
		{F7F7087E-1088-43C3-9676-5C86BC26E353}.Release|iPhoneSimulator.Deploy.0 = Release|iPhoneSimulator
		{F7F7087E-1088-43C3-9676-5C86BC26E353}.Release|x64.ActiveCfg = Release|iPhoneSimulator
		{F7F7087E-1088-43C3-9676-5C86BC26E353}.Release|x86.ActiveCfg = Release|iPhoneSimulator
		{6A9BB312-4960-4AFD-89CD-2072062D7C64}.Debug|Any CPU.ActiveCfg = Debug|Any CPU
		{6A9BB312-4960-4AFD-89CD-2072062D7C64}.Debug|Any CPU.Build.0 = Debug|Any CPU
		{6A9BB312-4960-4AFD-89CD-2072062D7C64}.Debug|Any CPU.Deploy.0 = Debug|Any CPU
		{6A9BB312-4960-4AFD-89CD-2072062D7C64}.Debug|ARM.ActiveCfg = Debug|Any CPU
		{6A9BB312-4960-4AFD-89CD-2072062D7C64}.Debug|ARM.Build.0 = Debug|Any CPU
		{6A9BB312-4960-4AFD-89CD-2072062D7C64}.Debug|ARM64.ActiveCfg = Debug|Any CPU
		{6A9BB312-4960-4AFD-89CD-2072062D7C64}.Debug|ARM64.Build.0 = Debug|Any CPU
		{6A9BB312-4960-4AFD-89CD-2072062D7C64}.Debug|iPhone.ActiveCfg = Debug|Any CPU
		{6A9BB312-4960-4AFD-89CD-2072062D7C64}.Debug|iPhone.Build.0 = Debug|Any CPU
		{6A9BB312-4960-4AFD-89CD-2072062D7C64}.Debug|iPhone.Deploy.0 = Debug|Any CPU
		{6A9BB312-4960-4AFD-89CD-2072062D7C64}.Debug|iPhoneSimulator.ActiveCfg = Debug|Any CPU
		{6A9BB312-4960-4AFD-89CD-2072062D7C64}.Debug|iPhoneSimulator.Build.0 = Debug|Any CPU
		{6A9BB312-4960-4AFD-89CD-2072062D7C64}.Debug|iPhoneSimulator.Deploy.0 = Debug|Any CPU
		{6A9BB312-4960-4AFD-89CD-2072062D7C64}.Debug|x64.ActiveCfg = Debug|Any CPU
		{6A9BB312-4960-4AFD-89CD-2072062D7C64}.Debug|x64.Build.0 = Debug|Any CPU
		{6A9BB312-4960-4AFD-89CD-2072062D7C64}.Debug|x86.ActiveCfg = Debug|Any CPU
		{6A9BB312-4960-4AFD-89CD-2072062D7C64}.Debug|x86.Build.0 = Debug|Any CPU
		{6A9BB312-4960-4AFD-89CD-2072062D7C64}.Release|Any CPU.ActiveCfg = Release|Any CPU
		{6A9BB312-4960-4AFD-89CD-2072062D7C64}.Release|Any CPU.Build.0 = Release|Any CPU
		{6A9BB312-4960-4AFD-89CD-2072062D7C64}.Release|Any CPU.Deploy.0 = Release|Any CPU
		{6A9BB312-4960-4AFD-89CD-2072062D7C64}.Release|ARM.ActiveCfg = Release|Any CPU
		{6A9BB312-4960-4AFD-89CD-2072062D7C64}.Release|ARM.Build.0 = Release|Any CPU
		{6A9BB312-4960-4AFD-89CD-2072062D7C64}.Release|ARM64.ActiveCfg = Release|Any CPU
		{6A9BB312-4960-4AFD-89CD-2072062D7C64}.Release|ARM64.Build.0 = Release|Any CPU
		{6A9BB312-4960-4AFD-89CD-2072062D7C64}.Release|iPhone.ActiveCfg = Release|Any CPU
		{6A9BB312-4960-4AFD-89CD-2072062D7C64}.Release|iPhone.Build.0 = Release|Any CPU
		{6A9BB312-4960-4AFD-89CD-2072062D7C64}.Release|iPhone.Deploy.0 = Release|Any CPU
		{6A9BB312-4960-4AFD-89CD-2072062D7C64}.Release|iPhoneSimulator.ActiveCfg = Release|Any CPU
		{6A9BB312-4960-4AFD-89CD-2072062D7C64}.Release|iPhoneSimulator.Build.0 = Release|Any CPU
		{6A9BB312-4960-4AFD-89CD-2072062D7C64}.Release|iPhoneSimulator.Deploy.0 = Release|Any CPU
		{6A9BB312-4960-4AFD-89CD-2072062D7C64}.Release|x64.ActiveCfg = Release|Any CPU
		{6A9BB312-4960-4AFD-89CD-2072062D7C64}.Release|x64.Build.0 = Release|Any CPU
		{6A9BB312-4960-4AFD-89CD-2072062D7C64}.Release|x86.ActiveCfg = Release|Any CPU
		{6A9BB312-4960-4AFD-89CD-2072062D7C64}.Release|x86.Build.0 = Release|Any CPU
		{3B45ED3D-C227-4AC3-948E-A3FA2BBB37EA}.Debug|Any CPU.ActiveCfg = Debug|Any CPU
		{3B45ED3D-C227-4AC3-948E-A3FA2BBB37EA}.Debug|Any CPU.Build.0 = Debug|Any CPU
		{3B45ED3D-C227-4AC3-948E-A3FA2BBB37EA}.Debug|ARM.ActiveCfg = Debug|Any CPU
		{3B45ED3D-C227-4AC3-948E-A3FA2BBB37EA}.Debug|ARM.Build.0 = Debug|Any CPU
		{3B45ED3D-C227-4AC3-948E-A3FA2BBB37EA}.Debug|ARM64.ActiveCfg = Debug|Any CPU
		{3B45ED3D-C227-4AC3-948E-A3FA2BBB37EA}.Debug|ARM64.Build.0 = Debug|Any CPU
		{3B45ED3D-C227-4AC3-948E-A3FA2BBB37EA}.Debug|iPhone.ActiveCfg = Debug|Any CPU
		{3B45ED3D-C227-4AC3-948E-A3FA2BBB37EA}.Debug|iPhone.Build.0 = Debug|Any CPU
		{3B45ED3D-C227-4AC3-948E-A3FA2BBB37EA}.Debug|iPhoneSimulator.ActiveCfg = Debug|Any CPU
		{3B45ED3D-C227-4AC3-948E-A3FA2BBB37EA}.Debug|iPhoneSimulator.Build.0 = Debug|Any CPU
		{3B45ED3D-C227-4AC3-948E-A3FA2BBB37EA}.Debug|x64.ActiveCfg = Debug|Any CPU
		{3B45ED3D-C227-4AC3-948E-A3FA2BBB37EA}.Debug|x64.Build.0 = Debug|Any CPU
		{3B45ED3D-C227-4AC3-948E-A3FA2BBB37EA}.Debug|x86.ActiveCfg = Debug|Any CPU
		{3B45ED3D-C227-4AC3-948E-A3FA2BBB37EA}.Debug|x86.Build.0 = Debug|Any CPU
		{3B45ED3D-C227-4AC3-948E-A3FA2BBB37EA}.Release|Any CPU.ActiveCfg = Release|Any CPU
		{3B45ED3D-C227-4AC3-948E-A3FA2BBB37EA}.Release|Any CPU.Build.0 = Release|Any CPU
		{3B45ED3D-C227-4AC3-948E-A3FA2BBB37EA}.Release|ARM.ActiveCfg = Release|Any CPU
		{3B45ED3D-C227-4AC3-948E-A3FA2BBB37EA}.Release|ARM.Build.0 = Release|Any CPU
		{3B45ED3D-C227-4AC3-948E-A3FA2BBB37EA}.Release|ARM64.ActiveCfg = Release|Any CPU
		{3B45ED3D-C227-4AC3-948E-A3FA2BBB37EA}.Release|ARM64.Build.0 = Release|Any CPU
		{3B45ED3D-C227-4AC3-948E-A3FA2BBB37EA}.Release|iPhone.ActiveCfg = Release|Any CPU
		{3B45ED3D-C227-4AC3-948E-A3FA2BBB37EA}.Release|iPhone.Build.0 = Release|Any CPU
		{3B45ED3D-C227-4AC3-948E-A3FA2BBB37EA}.Release|iPhoneSimulator.ActiveCfg = Release|Any CPU
		{3B45ED3D-C227-4AC3-948E-A3FA2BBB37EA}.Release|iPhoneSimulator.Build.0 = Release|Any CPU
		{3B45ED3D-C227-4AC3-948E-A3FA2BBB37EA}.Release|x64.ActiveCfg = Release|Any CPU
		{3B45ED3D-C227-4AC3-948E-A3FA2BBB37EA}.Release|x64.Build.0 = Release|Any CPU
		{3B45ED3D-C227-4AC3-948E-A3FA2BBB37EA}.Release|x86.ActiveCfg = Release|Any CPU
		{3B45ED3D-C227-4AC3-948E-A3FA2BBB37EA}.Release|x86.Build.0 = Release|Any CPU
		{8C08AAD2-DDF6-4C38-ABC2-DDAEA3EF667E}.Debug|Any CPU.ActiveCfg = Debug|x86
		{8C08AAD2-DDF6-4C38-ABC2-DDAEA3EF667E}.Debug|ARM.ActiveCfg = Debug|ARM
		{8C08AAD2-DDF6-4C38-ABC2-DDAEA3EF667E}.Debug|ARM.Build.0 = Debug|ARM
		{8C08AAD2-DDF6-4C38-ABC2-DDAEA3EF667E}.Debug|ARM.Deploy.0 = Debug|ARM
		{8C08AAD2-DDF6-4C38-ABC2-DDAEA3EF667E}.Debug|ARM64.ActiveCfg = Debug|ARM64
		{8C08AAD2-DDF6-4C38-ABC2-DDAEA3EF667E}.Debug|ARM64.Build.0 = Debug|ARM64
		{8C08AAD2-DDF6-4C38-ABC2-DDAEA3EF667E}.Debug|ARM64.Deploy.0 = Debug|ARM64
		{8C08AAD2-DDF6-4C38-ABC2-DDAEA3EF667E}.Debug|iPhone.ActiveCfg = Debug|x86
		{8C08AAD2-DDF6-4C38-ABC2-DDAEA3EF667E}.Debug|iPhoneSimulator.ActiveCfg = Debug|x86
		{8C08AAD2-DDF6-4C38-ABC2-DDAEA3EF667E}.Debug|x64.ActiveCfg = Debug|x64
		{8C08AAD2-DDF6-4C38-ABC2-DDAEA3EF667E}.Debug|x64.Build.0 = Debug|x64
		{8C08AAD2-DDF6-4C38-ABC2-DDAEA3EF667E}.Debug|x64.Deploy.0 = Debug|x64
		{8C08AAD2-DDF6-4C38-ABC2-DDAEA3EF667E}.Debug|x86.ActiveCfg = Debug|x86
		{8C08AAD2-DDF6-4C38-ABC2-DDAEA3EF667E}.Debug|x86.Build.0 = Debug|x86
		{8C08AAD2-DDF6-4C38-ABC2-DDAEA3EF667E}.Debug|x86.Deploy.0 = Debug|x86
		{8C08AAD2-DDF6-4C38-ABC2-DDAEA3EF667E}.Release|Any CPU.ActiveCfg = Release|x86
		{8C08AAD2-DDF6-4C38-ABC2-DDAEA3EF667E}.Release|ARM.ActiveCfg = Release|ARM
		{8C08AAD2-DDF6-4C38-ABC2-DDAEA3EF667E}.Release|ARM.Build.0 = Release|ARM
		{8C08AAD2-DDF6-4C38-ABC2-DDAEA3EF667E}.Release|ARM.Deploy.0 = Release|ARM
		{8C08AAD2-DDF6-4C38-ABC2-DDAEA3EF667E}.Release|ARM64.ActiveCfg = Release|ARM64
		{8C08AAD2-DDF6-4C38-ABC2-DDAEA3EF667E}.Release|ARM64.Build.0 = Release|ARM64
		{8C08AAD2-DDF6-4C38-ABC2-DDAEA3EF667E}.Release|ARM64.Deploy.0 = Release|ARM64
		{8C08AAD2-DDF6-4C38-ABC2-DDAEA3EF667E}.Release|iPhone.ActiveCfg = Release|x86
		{8C08AAD2-DDF6-4C38-ABC2-DDAEA3EF667E}.Release|iPhoneSimulator.ActiveCfg = Release|x86
		{8C08AAD2-DDF6-4C38-ABC2-DDAEA3EF667E}.Release|x64.ActiveCfg = Release|x64
		{8C08AAD2-DDF6-4C38-ABC2-DDAEA3EF667E}.Release|x64.Build.0 = Release|x64
		{8C08AAD2-DDF6-4C38-ABC2-DDAEA3EF667E}.Release|x64.Deploy.0 = Release|x64
		{8C08AAD2-DDF6-4C38-ABC2-DDAEA3EF667E}.Release|x86.ActiveCfg = Release|x86
		{8C08AAD2-DDF6-4C38-ABC2-DDAEA3EF667E}.Release|x86.Build.0 = Release|x86
		{8C08AAD2-DDF6-4C38-ABC2-DDAEA3EF667E}.Release|x86.Deploy.0 = Release|x86
	EndGlobalSection
	GlobalSection(SolutionProperties) = preSolution
		HideSolutionNode = FALSE
	EndGlobalSection
	GlobalSection(ExtensibilityGlobals) = postSolution
		SolutionGuid = {54579D89-58B0-47B4-BE88-BAC484CCB792}
	EndGlobalSection
EndGlobal
